// !$*UTF8*$!
{
	archiveVersion = 1;
	classes = {
	};
	objectVersion = 46;
	objects = {

/* Begin PBXBuildFile section */
		2205D4FC1A76D0DC00201F5D /* AppDelegate.swift in Sources */ = {isa = PBXBuildFile; fileRef = 2205D4FB1A76D0DC00201F5D /* AppDelegate.swift */; };
		2205D4FE1A76D0DC00201F5D /* ViewController.swift in Sources */ = {isa = PBXBuildFile; fileRef = 2205D4FD1A76D0DC00201F5D /* ViewController.swift */; };
		2205D5011A76D0DC00201F5D /* Main.storyboard in Resources */ = {isa = PBXBuildFile; fileRef = 2205D4FF1A76D0DC00201F5D /* Main.storyboard */; };
		2205D5031A76D0DC00201F5D /* Images.xcassets in Resources */ = {isa = PBXBuildFile; fileRef = 2205D5021A76D0DC00201F5D /* Images.xcassets */; };
		2205D5061A76D0DC00201F5D /* LaunchScreen.xib in Resources */ = {isa = PBXBuildFile; fileRef = 2205D5041A76D0DC00201F5D /* LaunchScreen.xib */; };
		2205D5121A76D0DC00201F5D /* TouchIDDemoSwiftTests.swift in Sources */ = {isa = PBXBuildFile; fileRef = 2205D5111A76D0DC00201F5D /* TouchIDDemoSwiftTests.swift */; };
		22CD06AB1A7877DD00C47172 /* EditNoteViewController.swift in Sources */ = {isa = PBXBuildFile; fileRef = 22CD06AA1A7877DD00C47172 /* EditNoteViewController.swift */; };
		22CD06AD1A787F3F00C47172 /* LocalAuthentication.framework in Frameworks */ = {isa = PBXBuildFile; fileRef = 22CD06AC1A787F3F00C47172 /* LocalAuthentication.framework */; };
		22CD06AF1A78801600C47172 /* iAd.framework in Frameworks */ = {isa = PBXBuildFile; fileRef = 22CD06AE1A78801600C47172 /* iAd.framework */; };
/* End PBXBuildFile section */

/* Begin PBXContainerItemProxy section */
		2205D50C1A76D0DC00201F5D /* PBXContainerItemProxy */ = {
			isa = PBXContainerItemProxy;
			containerPortal = 2205D4EE1A76D0DC00201F5D /* Project object */;
			proxyType = 1;
			remoteGlobalIDString = 2205D4F51A76D0DC00201F5D;
			remoteInfo = TouchIDDemoSwift;
		};
/* End PBXContainerItemProxy section */

/* Begin PBXFileReference section */
		2205D4F61A76D0DC00201F5D /* TouchIDDemoSwift.app */ = {isa = PBXFileReference; explicitFileType = wrapper.application; includeInIndex = 0; path = TouchIDDemoSwift.app; sourceTree = BUILT_PRODUCTS_DIR; };
		2205D4FA1A76D0DC00201F5D /* Info.plist */ = {isa = PBXFileReference; lastKnownFileType = text.plist.xml; path = Info.plist; sourceTree = "<group>"; };
		2205D4FB1A76D0DC00201F5D /* AppDelegate.swift */ = {isa = PBXFileReference; lastKnownFileType = sourcecode.swift; path = AppDelegate.swift; sourceTree = "<group>"; };
		2205D4FD1A76D0DC00201F5D /* ViewController.swift */ = {isa = PBXFileReference; lastKnownFileType = sourcecode.swift; path = ViewController.swift; sourceTree = "<group>"; };
		2205D5001A76D0DC00201F5D /* Base */ = {isa = PBXFileReference; lastKnownFileType = file.storyboard; name = Base; path = Base.lproj/Main.storyboard; sourceTree = "<group>"; };
		2205D5021A76D0DC00201F5D /* Images.xcassets */ = {isa = PBXFileReference; lastKnownFileType = folder.assetcatalog; path = Images.xcassets; sourceTree = "<group>"; };
		2205D5051A76D0DC00201F5D /* Base */ = {isa = PBXFileReference; lastKnownFileType = file.xib; name = Base; path = Base.lproj/LaunchScreen.xib; sourceTree = "<group>"; };
		2205D50B1A76D0DC00201F5D /* TouchIDDemoSwiftTests.xctest */ = {isa = PBXFileReference; explicitFileType = wrapper.cfbundle; includeInIndex = 0; path = TouchIDDemoSwiftTests.xctest; sourceTree = BUILT_PRODUCTS_DIR; };
		2205D5101A76D0DC00201F5D /* Info.plist */ = {isa = PBXFileReference; lastKnownFileType = text.plist.xml; path = Info.plist; sourceTree = "<group>"; };
		2205D5111A76D0DC00201F5D /* TouchIDDemoSwiftTests.swift */ = {isa = PBXFileReference; lastKnownFileType = sourcecode.swift; path = TouchIDDemoSwiftTests.swift; sourceTree = "<group>"; };
		22CD06AA1A7877DD00C47172 /* EditNoteViewController.swift */ = {isa = PBXFileReference; fileEncoding = 4; lastKnownFileType = sourcecode.swift; path = EditNoteViewController.swift; sourceTree = "<group>"; };
		22CD06AC1A787F3F00C47172 /* LocalAuthentication.framework */ = {isa = PBXFileReference; lastKnownFileType = wrapper.framework; name = LocalAuthentication.framework; path = System/Library/Frameworks/LocalAuthentication.framework; sourceTree = SDKROOT; };
		22CD06AE1A78801600C47172 /* iAd.framework */ = {isa = PBXFileReference; lastKnownFileType = wrapper.framework; name = iAd.framework; path = System/Library/Frameworks/iAd.framework; sourceTree = SDKROOT; };
/* End PBXFileReference section */

/* Begin PBXFrameworksBuildPhase section */
		2205D4F31A76D0DC00201F5D /* Frameworks */ = {
			isa = PBXFrameworksBuildPhase;
			buildActionMask = 2147483647;
			files = (
				22CD06AF1A78801600C47172 /* iAd.framework in Frameworks */,
				22CD06AD1A787F3F00C47172 /* LocalAuthentication.framework in Frameworks */,
			);
			runOnlyForDeploymentPostprocessing = 0;
		};
		2205D5081A76D0DC00201F5D /* Frameworks */ = {
			isa = PBXFrameworksBuildPhase;
			buildActionMask = 2147483647;
			files = (
			);
			runOnlyForDeploymentPostprocessing = 0;
		};
/* End PBXFrameworksBuildPhase section */

/* Begin PBXGroup section */
		2205D4ED1A76D0DC00201F5D = {
			isa = PBXGroup;
			children = (
				2205D4F81A76D0DC00201F5D /* TouchIDDemoSwift */,
				22CD06B01A78802500C47172 /* Frameworks */,
				2205D50E1A76D0DC00201F5D /* TouchIDDemoSwiftTests */,
				2205D4F71A76D0DC00201F5D /* Products */,
			);
			sourceTree = "<group>";
		};
		2205D4F71A76D0DC00201F5D /* Products */ = {
			isa = PBXGroup;
			children = (
				2205D4F61A76D0DC00201F5D /* TouchIDDemoSwift.app */,
				2205D50B1A76D0DC00201F5D /* TouchIDDemoSwiftTests.xctest */,
			);
			name = Products;
			sourceTree = "<group>";
		};
		2205D4F81A76D0DC00201F5D /* TouchIDDemoSwift */ = {
			isa = PBXGroup;
			children = (
				22CD06B21A78806100C47172 /* Application Delegate */,
				22CD06B11A78804300C47172 /* Views */,
				22CD06B31A78807C00C47172 /* XIBs */,
				2205D5021A76D0DC00201F5D /* Images.xcassets */,
				2205D4F91A76D0DC00201F5D /* Supporting Files */,
			);
			path = TouchIDDemoSwift;
			sourceTree = "<group>";
		};
		2205D4F91A76D0DC00201F5D /* Supporting Files */ = {
			isa = PBXGroup;
			children = (
				2205D4FA1A76D0DC00201F5D /* Info.plist */,
			);
			name = "Supporting Files";
			sourceTree = "<group>";
		};
		2205D50E1A76D0DC00201F5D /* TouchIDDemoSwiftTests */ = {
			isa = PBXGroup;
			children = (
				2205D5111A76D0DC00201F5D /* TouchIDDemoSwiftTests.swift */,
				2205D50F1A76D0DC00201F5D /* Supporting Files */,
			);
			path = TouchIDDemoSwiftTests;
			sourceTree = "<group>";
		};
		2205D50F1A76D0DC00201F5D /* Supporting Files */ = {
			isa = PBXGroup;
			children = (
				2205D5101A76D0DC00201F5D /* Info.plist */,
			);
			name = "Supporting Files";
			sourceTree = "<group>";
		};
		22CD06B01A78802500C47172 /* Frameworks */ = {
			isa = PBXGroup;
			children = (
				22CD06AE1A78801600C47172 /* iAd.framework */,
				22CD06AC1A787F3F00C47172 /* LocalAuthentication.framework */,
			);
			name = Frameworks;
			sourceTree = "<group>";
		};
		22CD06B11A78804300C47172 /* Views */ = {
			isa = PBXGroup;
			children = (
				2205D4FD1A76D0DC00201F5D /* ViewController.swift */,
				22CD06AA1A7877DD00C47172 /* EditNoteViewController.swift */,
			);
			name = Views;
			sourceTree = "<group>";
		};
		22CD06B21A78806100C47172 /* Application Delegate */ = {
			isa = PBXGroup;
			children = (
				2205D4FB1A76D0DC00201F5D /* AppDelegate.swift */,
			);
			name = "Application Delegate";
			sourceTree = "<group>";
		};
		22CD06B31A78807C00C47172 /* XIBs */ = {
			isa = PBXGroup;
			children = (
				2205D5041A76D0DC00201F5D /* LaunchScreen.xib */,
				2205D4FF1A76D0DC00201F5D /* Main.storyboard */,
			);
			name = XIBs;
			sourceTree = "<group>";
		};
/* End PBXGroup section */

/* Begin PBXNativeTarget section */
		2205D4F51A76D0DC00201F5D /* TouchIDDemoSwift */ = {
			isa = PBXNativeTarget;
			buildConfigurationList = 2205D5151A76D0DC00201F5D /* Build configuration list for PBXNativeTarget "TouchIDDemoSwift" */;
			buildPhases = (
				2205D4F21A76D0DC00201F5D /* Sources */,
				2205D4F31A76D0DC00201F5D /* Frameworks */,
				2205D4F41A76D0DC00201F5D /* Resources */,
			);
			buildRules = (
			);
			dependencies = (
			);
			name = TouchIDDemoSwift;
			productName = TouchIDDemoSwift;
			productReference = 2205D4F61A76D0DC00201F5D /* TouchIDDemoSwift.app */;
			productType = "com.apple.product-type.application";
		};
		2205D50A1A76D0DC00201F5D /* TouchIDDemoSwiftTests */ = {
			isa = PBXNativeTarget;
			buildConfigurationList = 2205D5181A76D0DC00201F5D /* Build configuration list for PBXNativeTarget "TouchIDDemoSwiftTests" */;
			buildPhases = (
				2205D5071A76D0DC00201F5D /* Sources */,
				2205D5081A76D0DC00201F5D /* Frameworks */,
				2205D5091A76D0DC00201F5D /* Resources */,
			);
			buildRules = (
			);
			dependencies = (
				2205D50D1A76D0DC00201F5D /* PBXTargetDependency */,
			);
			name = TouchIDDemoSwiftTests;
			productName = TouchIDDemoSwiftTests;
			productReference = 2205D50B1A76D0DC00201F5D /* TouchIDDemoSwiftTests.xctest */;
			productType = "com.apple.product-type.bundle.unit-test";
		};
/* End PBXNativeTarget section */

/* Begin PBXProject section */
		2205D4EE1A76D0DC00201F5D /* Project object */ = {
			isa = PBXProject;
			attributes = {
				LastUpgradeCheck = 0610;
				ORGANIZATIONNAME = "Beyond 2021";
				TargetAttributes = {
					2205D4F51A76D0DC00201F5D = {
						CreatedOnToolsVersion = 6.1;
					};
					2205D50A1A76D0DC00201F5D = {
						CreatedOnToolsVersion = 6.1;
						TestTargetID = 2205D4F51A76D0DC00201F5D;
					};
				};
			};
			buildConfigurationList = 2205D4F11A76D0DC00201F5D /* Build configuration list for PBXProject "TouchIDDemoSwift" */;
			compatibilityVersion = "Xcode 3.2";
			developmentRegion = English;
			hasScannedForEncodings = 0;
			knownRegions = (
				en,
				Base,
			);
			mainGroup = 2205D4ED1A76D0DC00201F5D;
			productRefGroup = 2205D4F71A76D0DC00201F5D /* Products */;
			projectDirPath = "";
			projectRoot = "";
			targets = (
				2205D4F51A76D0DC00201F5D /* TouchIDDemoSwift */,
				2205D50A1A76D0DC00201F5D /* TouchIDDemoSwiftTests */,
			);
		};
/* End PBXProject section */

/* Begin PBXResourcesBuildPhase section */
		2205D4F41A76D0DC00201F5D /* Resources */ = {
			isa = PBXResourcesBuildPhase;
			buildActionMask = 2147483647;
			files = (
				2205D5011A76D0DC00201F5D /* Main.storyboard in Resources */,
				2205D5061A76D0DC00201F5D /* LaunchScreen.xib in Resources */,
				2205D5031A76D0DC00201F5D /* Images.xcassets in Resources */,
			);
			runOnlyForDeploymentPostprocessing = 0;
		};
		2205D5091A76D0DC00201F5D /* Resources */ = {
			isa = PBXResourcesBuildPhase;
			buildActionMask = 2147483647;
			files = (
			);
			runOnlyForDeploymentPostprocessing = 0;
		};
/* End PBXResourcesBuildPhase section */

/* Begin PBXSourcesBuildPhase section */
		2205D4F21A76D0DC00201F5D /* Sources */ = {
			isa = PBXSourcesBuildPhase;
			buildActionMask = 2147483647;
			files = (
				2205D4FE1A76D0DC00201F5D /* ViewController.swift in Sources */,
				22CD06AB1A7877DD00C47172 /* EditNoteViewController.swift in Sources */,
				2205D4FC1A76D0DC00201F5D /* AppDelegate.swift in Sources */,
			);
			runOnlyForDeploymentPostprocessing = 0;
		};
		2205D5071A76D0DC00201F5D /* Sources */ = {
			isa = PBXSourcesBuildPhase;
			buildActionMask = 2147483647;
			files = (
				2205D5121A76D0DC00201F5D /* TouchIDDemoSwiftTests.swift in Sources */,
			);
			runOnlyForDeploymentPostprocessing = 0;
		};
/* End PBXSourcesBuildPhase section */

/* Begin PBXTargetDependency section */
		2205D50D1A76D0DC00201F5D /* PBXTargetDependency */ = {
			isa = PBXTargetDependency;
			target = 2205D4F51A76D0DC00201F5D /* TouchIDDemoSwift */;
			targetProxy = 2205D50C1A76D0DC00201F5D /* PBXContainerItemProxy */;
		};
/* End PBXTargetDependency section */

/* Begin PBXVariantGroup section */
		2205D4FF1A76D0DC00201F5D /* Main.storyboard */ = {
			isa = PBXVariantGroup;
			children = (
				2205D5001A76D0DC00201F5D /* Base */,
			);
			name = Main.storyboard;
			sourceTree = "<group>";
		};
		2205D5041A76D0DC00201F5D /* LaunchScreen.xib */ = {
			isa = PBXVariantGroup;
			children = (
				2205D5051A76D0DC00201F5D /* Base */,
			);
			name = LaunchScreen.xib;
			sourceTree = "<group>";
		};
/* End PBXVariantGroup section */

/* Begin XCBuildConfiguration section */
		2205D5131A76D0DC00201F5D /* Debug */ = {
			isa = XCBuildConfiguration;
			buildSettings = {
				ALWAYS_SEARCH_USER_PATHS = NO;
				CLANG_CXX_LANGUAGE_STANDARD = "gnu++0x";
				CLANG_CXX_LIBRARY = "libc++";
				CLANG_ENABLE_MODULES = YES;
				CLANG_ENABLE_OBJC_ARC = YES;
				CLANG_WARN_BOOL_CONVERSION = YES;
				CLANG_WARN_CONSTANT_CONVERSION = YES;
				CLANG_WARN_DIRECT_OBJC_ISA_USAGE = YES_ERROR;
				CLANG_WARN_EMPTY_BODY = YES;
				CLANG_WARN_ENUM_CONVERSION = YES;
				CLANG_WARN_INT_CONVERSION = YES;
				CLANG_WARN_OBJC_ROOT_CLASS = YES_ERROR;
				CLANG_WARN_UNREACHABLE_CODE = YES;
				CLANG_WARN__DUPLICATE_METHOD_MATCH = YES;
				"CODE_SIGN_IDENTITY[sdk=iphoneos*]" = "iPhone Developer";
				COPY_PHASE_STRIP = NO;
				ENABLE_STRICT_OBJC_MSGSEND = YES;
				GCC_C_LANGUAGE_STANDARD = gnu99;
				GCC_DYNAMIC_NO_PIC = NO;
				GCC_OPTIMIZATION_LEVEL = 0;
				GCC_PREPROCESSOR_DEFINITIONS = (
					"DEBUG=1",
					"$(inherited)",
				);
				GCC_SYMBOLS_PRIVATE_EXTERN = NO;
				GCC_WARN_64_TO_32_BIT_CONVERSION = YES;
				GCC_WARN_ABOUT_RETURN_TYPE = YES_ERROR;
				GCC_WARN_UNDECLARED_SELECTOR = YES;
				GCC_WARN_UNINITIALIZED_AUTOS = YES_AGGRESSIVE;
				GCC_WARN_UNUSED_FUNCTION = YES;
				GCC_WARN_UNUSED_VARIABLE = YES;
				IPHONEOS_DEPLOYMENT_TARGET = 8.1;
				MTL_ENABLE_DEBUG_INFO = YES;
				ONLY_ACTIVE_ARCH = YES;
				SDKROOT = iphoneos;
				SWIFT_OPTIMIZATION_LEVEL = "-Onone";
			};
			name = Debug;
		};
		2205D5141A76D0DC00201F5D /* Release */ = {
			isa = XCBuildConfiguration;
			buildSettings = {
				ALWAYS_SEARCH_USER_PATHS = NO;
				CLANG_CXX_LANGUAGE_STANDARD = "gnu++0x";
				CLANG_CXX_LIBRARY = "libc++";
				CLANG_ENABLE_MODULES = YES;
				CLANG_ENABLE_OBJC_ARC = YES;
				CLANG_WARN_BOOL_CONVERSION = YES;
				CLANG_WARN_CONSTANT_CONVERSION = YES;
				CLANG_WARN_DIRECT_OBJC_ISA_USAGE = YES_ERROR;
				CLANG_WARN_EMPTY_BODY = YES;
				CLANG_WARN_ENUM_CONVERSION = YES;
				CLANG_WARN_INT_CONVERSION = YES;
				CLANG_WARN_OBJC_ROOT_CLASS = YES_ERROR;
				CLANG_WARN_UNREACHABLE_CODE = YES;
				CLANG_WARN__DUPLICATE_METHOD_MATCH = YES;
				"CODE_SIGN_IDENTITY[sdk=iphoneos*]" = "iPhone Developer";
				COPY_PHASE_STRIP = YES;
				ENABLE_NS_ASSERTIONS = NO;
				ENABLE_STRICT_OBJC_MSGSEND = YES;
				GCC_C_LANGUAGE_STANDARD = gnu99;
				GCC_WARN_64_TO_32_BIT_CONVERSION = YES;
				GCC_WARN_ABOUT_RETURN_TYPE = YES_ERROR;
				GCC_WARN_UNDECLARED_SELECTOR = YES;
				GCC_WARN_UNINITIALIZED_AUTOS = YES_AGGRESSIVE;
				GCC_WARN_UNUSED_FUNCTION = YES;
				GCC_WARN_UNUSED_VARIABLE = YES;
				IPHONEOS_DEPLOYMENT_TARGET = 8.1;
				MTL_ENABLE_DEBUG_INFO = NO;
				SDKROOT = iphoneos;
				VALIDATE_PRODUCT = YES;
			};
			name = Release;
		};
		2205D5161A76D0DC00201F5D /* Debug */ = {
			isa = XCBuildConfiguration;
			buildSettings = {
				ASSETCATALOG_COMPILER_APPICON_NAME = AppIcon;
				INFOPLIST_FILE = TouchIDDemoSwift/Info.plist;
				LD_RUNPATH_SEARCH_PATHS = "$(inherited) @executable_path/Frameworks";
				PRODUCT_NAME = "$(TARGET_NAME)";
			};
			name = Debug;
		};
		2205D5171A76D0DC00201F5D /* Release */ = {
			isa = XCBuildConfiguration;
			buildSettings = {
				ASSETCATALOG_COMPILER_APPICON_NAME = AppIcon;
				INFOPLIST_FILE = TouchIDDemoSwift/Info.plist;
				LD_RUNPATH_SEARCH_PATHS = "$(inherited) @executable_path/Frameworks";
				PRODUCT_NAME = "$(TARGET_NAME)";
			};
			name = Release;
		};
		2205D5191A76D0DC00201F5D /* Debug */ = {
			isa = XCBuildConfiguration;
			buildSettings = {
				BUNDLE_LOADER = "$(TEST_HOST)";
				FRAMEWORK_SEARCH_PATHS = (
					"$(SDKROOT)/Developer/Library/Frameworks",
					"$(inherited)",
				);
				GCC_PREPROCESSOR_DEFINITIONS = (
					"DEBUG=1",
					"$(inherited)",
				);
				INFOPLIST_FILE = TouchIDDemoSwiftTests/Info.plist;
				LD_RUNPATH_SEARCH_PATHS = "$(inherited) @executable_path/Frameworks @loader_path/Frameworks";
				PRODUCT_NAME = "$(TARGET_NAME)";
				TEST_HOST = "$(BUILT_PRODUCTS_DIR)/TouchIDDemoSwift.app/TouchIDDemoSwift";
			};
			name = Debug;
		};
		2205D51A1A76D0DC00201F5D /* Release */ = {
			isa = XCBuildConfiguration;
			buildSettings = {
				BUNDLE_LOADER = "$(TEST_HOST)";
				FRAMEWORK_SEARCH_PATHS = (
					"$(SDKROOT)/Developer/Library/Frameworks",
					"$(inherited)",
				);
				INFOPLIST_FILE = TouchIDDemoSwiftTests/Info.plist;
				LD_RUNPATH_SEARCH_PATHS = "$(inherited) @executable_path/Frameworks @loader_path/Frameworks";
				PRODUCT_NAME = "$(TARGET_NAME)";
				TEST_HOST = "$(BUILT_PRODUCTS_DIR)/TouchIDDemoSwift.app/TouchIDDemoSwift";
			};
			name = Release;
		};
/* End XCBuildConfiguration section */

/* Begin XCConfigurationList section */
		2205D4F11A76D0DC00201F5D /* Build configuration list for PBXProject "TouchIDDemoSwift" */ = {
			isa = XCConfigurationList;
			buildConfigurations = (
				2205D5131A76D0DC00201F5D /* Debug */,
				2205D5141A76D0DC00201F5D /* Release */,
			);
			defaultConfigurationIsVisible = 0;
			defaultConfigurationName = Release;
		};
		2205D5151A76D0DC00201F5D /* Build configuration list for PBXNativeTarget "TouchIDDemoSwift" */ = {
			isa = XCConfigurationList;
			buildConfigurations = (
				2205D5161A76D0DC00201F5D /* Debug */,
				2205D5171A76D0DC00201F5D /* Release */,
			);
			defaultConfigurationIsVisible = 0;
			defaultConfigurationName = Release;
		};
		2205D5181A76D0DC00201F5D /* Build configuration list for PBXNativeTarget "TouchIDDemoSwiftTests" */ = {
			isa = XCConfigurationList;
			buildConfigurations = (
				2205D5191A76D0DC00201F5D /* Debug */,
				2205D51A1A76D0DC00201F5D /* Release */,
			);
			defaultConfigurationIsVisible = 0;
			defaultConfigurationName = Release;
		};
/* End XCConfigurationList section */
	};
	rootObject = 2205D4EE1A76D0DC00201F5D /* Project object */;
}
